
Microsoft Visual Studio Solution File, Format Version 12.00
# Visual Studio Version 17
VisualStudioVersion = 17.1.32407.343
MinimumVisualStudioVersion = 10.0.40219.1
Project("{FAE04EC0-301F-11D3-BF4B-00C04F79EFBC}") = "DataProtectionDemo", "DataProtectionDemo\DataProtectionDemo.csproj", "{A7F072DE-565A-40EE-8358-F8702F72BAE8}"
EndProject
Global
	GlobalSection(SolutionConfigurationPlatforms) = preSolution
		Debug|Any CPU = Debug|Any CPU
		Release|Any CPU = Release|Any CPU
	EndGlobalSection
	GlobalSection(ProjectConfigurationPlatforms) = postSolution
		{A7F072DE-565A-40EE-8358-F8702F72BAE8}.Debug|Any CPU.ActiveCfg = Debug|Any CPU
		{A7F072DE-565A-40EE-8358-F8702F72BAE8}.Debug|Any CPU.Build.0 = Debug|Any CPU
		{A7F072DE-565A-40EE-8358-F8702F72BAE8}.Release|Any CPU.ActiveCfg = Release|Any CPU
		{A7F072DE-565A-40EE-8358-F8702F72BAE8}.Release|Any CPU.Build.0 = Release|Any CPU
	EndGlobalSection
	GlobalSection(SolutionProperties) = preSolution
		HideSolutionNode = FALSE
	EndGlobalSection
	GlobalSection(ExtensibilityGlobals) = postSolution
		SolutionGuid = {5B745760-CF01-469F-8769-81AAFD8FB343}
	EndGlobalSection
EndGlobal
